
Microsoft Visual Studio Solution File, Format Version 12.00
# Visual Studio Version 16
VisualStudioVersion = 16.0.29411.108
MinimumVisualStudioVersion = 10.0.40219.1
Project("{FAE04EC0-301F-11D3-BF4B-00C04F79EFBC}") = "ProgPara_mintaZH_1", "ProgPara_mintaZH_1.csproj", "{5D8C45AD-D437-4195-B9B4-F86B6F256ADB}"
EndProject
Project("{FAE04EC0-301F-11D3-BF4B-00C04F79EFBC}") = "ProgPara_MintaZH_2", "..\ProgPara_MintaZH_2\ProgPara_MintaZH_2.csproj", "{5D9C02A7-BE30-4A9E-A11C-25F95A826E2A}"
EndProject
Project("{FAE04EC0-301F-11D3-BF4B-00C04F79EFBC}") = "ProgPara_MintaZH_3", "..\ProgPara_MintaZH_3\ProgPara_MintaZH_3.csproj", "{FB013012-A9EA-4710-BF16-D2A8BF66BB72}"
EndProject
Global
	GlobalSection(SolutionConfigurationPlatforms) = preSolution
		Debug|Any CPU = Debug|Any CPU
		Release|Any CPU = Release|Any CPU
	EndGlobalSection
	GlobalSection(ProjectConfigurationPlatforms) = postSolution
		{5D8C45AD-D437-4195-B9B4-F86B6F256ADB}.Debug|Any CPU.ActiveCfg = Debug|Any CPU
		{5D8C45AD-D437-4195-B9B4-F86B6F256ADB}.Debug|Any CPU.Build.0 = Debug|Any CPU
		{5D8C45AD-D437-4195-B9B4-F86B6F256ADB}.Release|Any CPU.ActiveCfg = Release|Any CPU
		{5D8C45AD-D437-4195-B9B4-F86B6F256ADB}.Release|Any CPU.Build.0 = Release|Any CPU
		{5D9C02A7-BE30-4A9E-A11C-25F95A826E2A}.Debug|Any CPU.ActiveCfg = Debug|Any CPU
		{5D9C02A7-BE30-4A9E-A11C-25F95A826E2A}.Debug|Any CPU.Build.0 = Debug|Any CPU
		{5D9C02A7-BE30-4A9E-A11C-25F95A826E2A}.Release|Any CPU.ActiveCfg = Release|Any CPU
		{5D9C02A7-BE30-4A9E-A11C-25F95A826E2A}.Release|Any CPU.Build.0 = Release|Any CPU
		{FB013012-A9EA-4710-BF16-D2A8BF66BB72}.Debug|Any CPU.ActiveCfg = Debug|Any CPU
		{FB013012-A9EA-4710-BF16-D2A8BF66BB72}.Debug|Any CPU.Build.0 = Debug|Any CPU
		{FB013012-A9EA-4710-BF16-D2A8BF66BB72}.Release|Any CPU.ActiveCfg = Release|Any CPU
		{FB013012-A9EA-4710-BF16-D2A8BF66BB72}.Release|Any CPU.Build.0 = Release|Any CPU
	EndGlobalSection
	GlobalSection(SolutionProperties) = preSolution
		HideSolutionNode = FALSE
	EndGlobalSection
	GlobalSection(ExtensibilityGlobals) = postSolution
		SolutionGuid = {08C1F29F-7C1B-4B91-A054-25EBB023E8D3}
	EndGlobalSection
EndGlobal
